
Microsoft Visual Studio Solution File, Format Version 12.00
# Visual Studio Version 16
VisualStudioVersion = 16.0.32901.82
MinimumVisualStudioVersion = 10.0.40219.1
Project("{FAE04EC0-301F-11D3-BF4B-00C04F79EFBC}") = "HKBhatiaAssignment1", "HKBhatiaAssignment1.csproj", "{3958EB6A-66F3-4DBE-BE69-187DE5AF976B}"
EndProject
Global
	GlobalSection(SolutionConfigurationPlatforms) = preSolution
		Debug|Any CPU = Debug|Any CPU
		Release|Any CPU = Release|Any CPU
	EndGlobalSection
	GlobalSection(ProjectConfigurationPlatforms) = postSolution
		{3958EB6A-66F3-4DBE-BE69-187DE5AF976B}.Debug|Any CPU.ActiveCfg = Debug|Any CPU
		{3958EB6A-66F3-4DBE-BE69-187DE5AF976B}.Debug|Any CPU.Build.0 = Debug|Any CPU
		{3958EB6A-66F3-4DBE-BE69-187DE5AF976B}.Release|Any CPU.ActiveCfg = Release|Any CPU
		{3958EB6A-66F3-4DBE-BE69-187DE5AF976B}.Release|Any CPU.Build.0 = Release|Any CPU
	EndGlobalSection
	GlobalSection(SolutionProperties) = preSolution
		HideSolutionNode = FALSE
	EndGlobalSection
	GlobalSection(ExtensibilityGlobals) = postSolution
		SolutionGuid = {C28AD398-DCCD-4731-AC81-4CF3EC0ABF9D}
	EndGlobalSection
EndGlobal
